// !$*UTF8*$!
{
	archiveVersion = 1;
	classes = {
	};
	objectVersion = 50;
	objects = {

/* Begin PBXBuildFile section */
		9872C29821D935FD007995C0 /* AppDelegate.swift in Sources */ = {isa = PBXBuildFile; fileRef = 9872C29721D935FD007995C0 /* AppDelegate.swift */; };
		9872C29A21D935FD007995C0 /* art.scnassets in Resources */ = {isa = PBXBuildFile; fileRef = 9872C29921D935FD007995C0 /* art.scnassets */; };
		9872C29C21D935FD007995C0 /* ViewController.swift in Sources */ = {isa = PBXBuildFile; fileRef = 9872C29B21D935FD007995C0 /* ViewController.swift */; };
		9872C29F21D935FD007995C0 /* Main.storyboard in Resources */ = {isa = PBXBuildFile; fileRef = 9872C29D21D935FD007995C0 /* Main.storyboard */; };
		9872C2A121D935FE007995C0 /* Assets.xcassets in Resources */ = {isa = PBXBuildFile; fileRef = 9872C2A021D935FE007995C0 /* Assets.xcassets */; };
		9872C2A421D935FE007995C0 /* LaunchScreen.storyboard in Resources */ = {isa = PBXBuildFile; fileRef = 9872C2A221D935FE007995C0 /* LaunchScreen.storyboard */; };
		9872C2AF21D935FE007995C0 /* ARKit_ReflectionsTests.swift in Sources */ = {isa = PBXBuildFile; fileRef = 9872C2AE21D935FE007995C0 /* ARKit_ReflectionsTests.swift */; };
		9872C2BA21D935FE007995C0 /* ARKit_ReflectionsUITests.swift in Sources */ = {isa = PBXBuildFile; fileRef = 9872C2B921D935FE007995C0 /* ARKit_ReflectionsUITests.swift */; };
/* End PBXBuildFile section */

/* Begin PBXContainerItemProxy section */
		9872C2AB21D935FE007995C0 /* PBXContainerItemProxy */ = {
			isa = PBXContainerItemProxy;
			containerPortal = 9872C28C21D935FD007995C0 /* Project object */;
			proxyType = 1;
			remoteGlobalIDString = 9872C29321D935FD007995C0;
			remoteInfo = "ARKit-Reflections";
		};
		9872C2B621D935FE007995C0 /* PBXContainerItemProxy */ = {
			isa = PBXContainerItemProxy;
			containerPortal = 9872C28C21D935FD007995C0 /* Project object */;
			proxyType = 1;
			remoteGlobalIDString = 9872C29321D935FD007995C0;
			remoteInfo = "ARKit-Reflections";
		};
/* End PBXContainerItemProxy section */

/* Begin PBXFileReference section */
		9872C29421D935FD007995C0 /* ARKit-Reflections.app */ = {isa = PBXFileReference; explicitFileType = wrapper.application; includeInIndex = 0; path = "ARKit-Reflections.app"; sourceTree = BUILT_PRODUCTS_DIR; };
		9872C29721D935FD007995C0 /* AppDelegate.swift */ = {isa = PBXFileReference; lastKnownFileType = sourcecode.swift; path = AppDelegate.swift; sourceTree = "<group>"; };
		9872C29921D935FD007995C0 /* art.scnassets */ = {isa = PBXFileReference; lastKnownFileType = wrapper.scnassets; path = art.scnassets; sourceTree = "<group>"; };
		9872C29B21D935FD007995C0 /* ViewController.swift */ = {isa = PBXFileReference; lastKnownFileType = sourcecode.swift; path = ViewController.swift; sourceTree = "<group>"; };
		9872C29E21D935FD007995C0 /* Base */ = {isa = PBXFileReference; lastKnownFileType = file.storyboard; name = Base; path = Base.lproj/Main.storyboard; sourceTree = "<group>"; };
		9872C2A021D935FE007995C0 /* Assets.xcassets */ = {isa = PBXFileReference; lastKnownFileType = folder.assetcatalog; path = Assets.xcassets; sourceTree = "<group>"; };
		9872C2A321D935FE007995C0 /* Base */ = {isa = PBXFileReference; lastKnownFileType = file.storyboard; name = Base; path = Base.lproj/LaunchScreen.storyboard; sourceTree = "<group>"; };
		9872C2A521D935FE007995C0 /* Info.plist */ = {isa = PBXFileReference; lastKnownFileType = text.plist.xml; path = Info.plist; sourceTree = "<group>"; };
		9872C2AA21D935FE007995C0 /* ARKit-ReflectionsTests.xctest */ = {isa = PBXFileReference; explicitFileType = wrapper.cfbundle; includeInIndex = 0; path = "ARKit-ReflectionsTests.xctest"; sourceTree = BUILT_PRODUCTS_DIR; };
		9872C2AE21D935FE007995C0 /* ARKit_ReflectionsTests.swift */ = {isa = PBXFileReference; lastKnownFileType = sourcecode.swift; path = ARKit_ReflectionsTests.swift; sourceTree = "<group>"; };
		9872C2B021D935FE007995C0 /* Info.plist */ = {isa = PBXFileReference; lastKnownFileType = text.plist.xml; path = Info.plist; sourceTree = "<group>"; };
		9872C2B521D935FE007995C0 /* ARKit-ReflectionsUITests.xctest */ = {isa = PBXFileReference; explicitFileType = wrapper.cfbundle; includeInIndex = 0; path = "ARKit-ReflectionsUITests.xctest"; sourceTree = BUILT_PRODUCTS_DIR; };
		9872C2B921D935FE007995C0 /* ARKit_ReflectionsUITests.swift */ = {isa = PBXFileReference; lastKnownFileType = sourcecode.swift; path = ARKit_ReflectionsUITests.swift; sourceTree = "<group>"; };
		9872C2BB21D935FE007995C0 /* Info.plist */ = {isa = PBXFileReference; lastKnownFileType = text.plist.xml; path = Info.plist; sourceTree = "<group>"; };
/* End PBXFileReference section */

/* Begin PBXFrameworksBuildPhase section */
		9872C29121D935FD007995C0 /* Frameworks */ = {
			isa = PBXFrameworksBuildPhase;
			buildActionMask = 2147483647;
			files = (
			);
			runOnlyForDeploymentPostprocessing = 0;
		};
		9872C2A721D935FE007995C0 /* Frameworks */ = {
			isa = PBXFrameworksBuildPhase;
			buildActionMask = 2147483647;
			files = (
			);
			runOnlyForDeploymentPostprocessing = 0;
		};
		9872C2B221D935FE007995C0 /* Frameworks */ = {
			isa = PBXFrameworksBuildPhase;
			buildActionMask = 2147483647;
			files = (
			);
			runOnlyForDeploymentPostprocessing = 0;
		};
/* End PBXFrameworksBuildPhase section */

/* Begin PBXGroup section */
		9872C28B21D935FD007995C0 = {
			isa = PBXGroup;
			children = (
				9872C29621D935FD007995C0 /* ARKit-Reflections */,
				9872C2AD21D935FE007995C0 /* ARKit-ReflectionsTests */,
				9872C2B821D935FE007995C0 /* ARKit-ReflectionsUITests */,
				9872C29521D935FD007995C0 /* Products */,
			);
			sourceTree = "<group>";
		};
		9872C29521D935FD007995C0 /* Products */ = {
			isa = PBXGroup;
			children = (
				9872C29421D935FD007995C0 /* ARKit-Reflections.app */,
				9872C2AA21D935FE007995C0 /* ARKit-ReflectionsTests.xctest */,
				9872C2B521D935FE007995C0 /* ARKit-ReflectionsUITests.xctest */,
			);
			name = Products;
			sourceTree = "<group>";
		};
		9872C29621D935FD007995C0 /* ARKit-Reflections */ = {
			isa = PBXGroup;
			children = (
				9872C29721D935FD007995C0 /* AppDelegate.swift */,
				9872C29921D935FD007995C0 /* art.scnassets */,
				9872C29B21D935FD007995C0 /* ViewController.swift */,
				9872C29D21D935FD007995C0 /* Main.storyboard */,
				9872C2A021D935FE007995C0 /* Assets.xcassets */,
				9872C2A221D935FE007995C0 /* LaunchScreen.storyboard */,
				9872C2A521D935FE007995C0 /* Info.plist */,
			);
			path = "ARKit-Reflections";
			sourceTree = "<group>";
		};
		9872C2AD21D935FE007995C0 /* ARKit-ReflectionsTests */ = {
			isa = PBXGroup;
			children = (
				9872C2AE21D935FE007995C0 /* ARKit_ReflectionsTests.swift */,
				9872C2B021D935FE007995C0 /* Info.plist */,
			);
			path = "ARKit-ReflectionsTests";
			sourceTree = "<group>";
		};
		9872C2B821D935FE007995C0 /* ARKit-ReflectionsUITests */ = {
			isa = PBXGroup;
			children = (
				9872C2B921D935FE007995C0 /* ARKit_ReflectionsUITests.swift */,
				9872C2BB21D935FE007995C0 /* Info.plist */,
			);
			path = "ARKit-ReflectionsUITests";
			sourceTree = "<group>";
		};
/* End PBXGroup section */

/* Begin PBXNativeTarget section */
		9872C29321D935FD007995C0 /* ARKit-Reflections */ = {
			isa = PBXNativeTarget;
			buildConfigurationList = 9872C2BE21D935FE007995C0 /* Build configuration list for PBXNativeTarget "ARKit-Reflections" */;
			buildPhases = (
				9872C29021D935FD007995C0 /* Sources */,
				9872C29121D935FD007995C0 /* Frameworks */,
				9872C29221D935FD007995C0 /* Resources */,
			);
			buildRules = (
			);
			dependencies = (
			);
			name = "ARKit-Reflections";
			productName = "ARKit-Reflections";
			productReference = 9872C29421D935FD007995C0 /* ARKit-Reflections.app */;
			productType = "com.apple.product-type.application";
		};
		9872C2A921D935FE007995C0 /* ARKit-ReflectionsTests */ = {
			isa = PBXNativeTarget;
			buildConfigurationList = 9872C2C121D935FE007995C0 /* Build configuration list for PBXNativeTarget "ARKit-ReflectionsTests" */;
			buildPhases = (
				9872C2A621D935FE007995C0 /* Sources */,
				9872C2A721D935FE007995C0 /* Frameworks */,
				9872C2A821D935FE007995C0 /* Resources */,
			);
			buildRules = (
			);
			dependencies = (
				9872C2AC21D935FE007995C0 /* PBXTargetDependency */,
			);
			name = "ARKit-ReflectionsTests";
			productName = "ARKit-ReflectionsTests";
			productReference = 9872C2AA21D935FE007995C0 /* ARKit-ReflectionsTests.xctest */;
			productType = "com.apple.product-type.bundle.unit-test";
		};
		9872C2B421D935FE007995C0 /* ARKit-ReflectionsUITests */ = {
			isa = PBXNativeTarget;
			buildConfigurationList = 9872C2C421D935FE007995C0 /* Build configuration list for PBXNativeTarget "ARKit-ReflectionsUITests" */;
			buildPhases = (
				9872C2B121D935FE007995C0 /* Sources */,
				9872C2B221D935FE007995C0 /* Frameworks */,
				9872C2B321D935FE007995C0 /* Resources */,
			);
			buildRules = (
			);
			dependencies = (
				9872C2B721D935FE007995C0 /* PBXTargetDependency */,
			);
			name = "ARKit-ReflectionsUITests";
			productName = "ARKit-ReflectionsUITests";
			productReference = 9872C2B521D935FE007995C0 /* ARKit-ReflectionsUITests.xctest */;
			productType = "com.apple.product-type.bundle.ui-testing";
		};
/* End PBXNativeTarget section */

/* Begin PBXProject section */
		9872C28C21D935FD007995C0 /* Project object */ = {
			isa = PBXProject;
			attributes = {
				LastSwiftUpdateCheck = 1010;
				LastUpgradeCheck = 1010;
				ORGANIZATIONNAME = "Alessandro Loi";
				TargetAttributes = {
					9872C29321D935FD007995C0 = {
						CreatedOnToolsVersion = 10.1;
					};
					9872C2A921D935FE007995C0 = {
						CreatedOnToolsVersion = 10.1;
						TestTargetID = 9872C29321D935FD007995C0;
					};
					9872C2B421D935FE007995C0 = {
						CreatedOnToolsVersion = 10.1;
						TestTargetID = 9872C29321D935FD007995C0;
					};
				};
			};
			buildConfigurationList = 9872C28F21D935FD007995C0 /* Build configuration list for PBXProject "ARKit-Reflections" */;
			compatibilityVersion = "Xcode 9.3";
			developmentRegion = en;
			hasScannedForEncodings = 0;
			knownRegions = (
				en,
				Base,
			);
			mainGroup = 9872C28B21D935FD007995C0;
			productRefGroup = 9872C29521D935FD007995C0 /* Products */;
			projectDirPath = "";
			projectRoot = "";
			targets = (
				9872C29321D935FD007995C0 /* ARKit-Reflections */,
				9872C2A921D935FE007995C0 /* ARKit-ReflectionsTests */,
				9872C2B421D935FE007995C0 /* ARKit-ReflectionsUITests */,
			);
		};
/* End PBXProject section */

/* Begin PBXResourcesBuildPhase section */
		9872C29221D935FD007995C0 /* Resources */ = {
			isa = PBXResourcesBuildPhase;
			buildActionMask = 2147483647;
			files = (
				9872C29A21D935FD007995C0 /* art.scnassets in Resources */,
				9872C2A421D935FE007995C0 /* LaunchScreen.storyboard in Resources */,
				9872C2A121D935FE007995C0 /* Assets.xcassets in Resources */,
				9872C29F21D935FD007995C0 /* Main.storyboard in Resources */,
			);
			runOnlyForDeploymentPostprocessing = 0;
		};
		9872C2A821D935FE007995C0 /* Resources */ = {
			isa = PBXResourcesBuildPhase;
			buildActionMask = 2147483647;
			files = (
			);
			runOnlyForDeploymentPostprocessing = 0;
		};
		9872C2B321D935FE007995C0 /* Resources */ = {
			isa = PBXResourcesBuildPhase;
			buildActionMask = 2147483647;
			files = (
			);
			runOnlyForDeploymentPostprocessing = 0;
		};
/* End PBXResourcesBuildPhase section */

/* Begin PBXSourcesBuildPhase section */
		9872C29021D935FD007995C0 /* Sources */ = {
			isa = PBXSourcesBuildPhase;
			buildActionMask = 2147483647;
			files = (
				9872C29C21D935FD007995C0 /* ViewController.swift in Sources */,
				9872C29821D935FD007995C0 /* AppDelegate.swift in Sources */,
			);
			runOnlyForDeploymentPostprocessing = 0;
		};
		9872C2A621D935FE007995C0 /* Sources */ = {
			isa = PBXSourcesBuildPhase;
			buildActionMask = 2147483647;
			files = (
				9872C2AF21D935FE007995C0 /* ARKit_ReflectionsTests.swift in Sources */,
			);
			runOnlyForDeploymentPostprocessing = 0;
		};
		9872C2B121D935FE007995C0 /* Sources */ = {
			isa = PBXSourcesBuildPhase;
			buildActionMask = 2147483647;
			files = (
				9872C2BA21D935FE007995C0 /* ARKit_ReflectionsUITests.swift in Sources */,
			);
			runOnlyForDeploymentPostprocessing = 0;
		};
/* End PBXSourcesBuildPhase section */

/* Begin PBXTargetDependency section */
		9872C2AC21D935FE007995C0 /* PBXTargetDependency */ = {
			isa = PBXTargetDependency;
			target = 9872C29321D935FD007995C0 /* ARKit-Reflections */;
			targetProxy = 9872C2AB21D935FE007995C0 /* PBXContainerItemProxy */;
		};
		9872C2B721D935FE007995C0 /* PBXTargetDependency */ = {
			isa = PBXTargetDependency;
			target = 9872C29321D935FD007995C0 /* ARKit-Reflections */;
			targetProxy = 9872C2B621D935FE007995C0 /* PBXContainerItemProxy */;
		};
/* End PBXTargetDependency section */

/* Begin PBXVariantGroup section */
		9872C29D21D935FD007995C0 /* Main.storyboard */ = {
			isa = PBXVariantGroup;
			children = (
				9872C29E21D935FD007995C0 /* Base */,
			);
			name = Main.storyboard;
			sourceTree = "<group>";
		};
		9872C2A221D935FE007995C0 /* LaunchScreen.storyboard */ = {
			isa = PBXVariantGroup;
			children = (
				9872C2A321D935FE007995C0 /* Base */,
			);
			name = LaunchScreen.storyboard;
			sourceTree = "<group>";
		};
/* End PBXVariantGroup section */

/* Begin XCBuildConfiguration section */
		9872C2BC21D935FE007995C0 /* Debug */ = {
			isa = XCBuildConfiguration;
			buildSettings = {
				ALWAYS_SEARCH_USER_PATHS = NO;
				CLANG_ANALYZER_NONNULL = YES;
				CLANG_ANALYZER_NUMBER_OBJECT_CONVERSION = YES_AGGRESSIVE;
				CLANG_CXX_LANGUAGE_STANDARD = "gnu++14";
				CLANG_CXX_LIBRARY = "libc++";
				CLANG_ENABLE_MODULES = YES;
				CLANG_ENABLE_OBJC_ARC = YES;
				CLANG_ENABLE_OBJC_WEAK = YES;
				CLANG_WARN_BLOCK_CAPTURE_AUTORELEASING = YES;
				CLANG_WARN_BOOL_CONVERSION = YES;
				CLANG_WARN_COMMA = YES;
				CLANG_WARN_CONSTANT_CONVERSION = YES;
				CLANG_WARN_DEPRECATED_OBJC_IMPLEMENTATIONS = YES;
				CLANG_WARN_DIRECT_OBJC_ISA_USAGE = YES_ERROR;
				CLANG_WARN_DOCUMENTATION_COMMENTS = YES;
				CLANG_WARN_EMPTY_BODY = YES;
				CLANG_WARN_ENUM_CONVERSION = YES;
				CLANG_WARN_INFINITE_RECURSION = YES;
				CLANG_WARN_INT_CONVERSION = YES;
				CLANG_WARN_NON_LITERAL_NULL_CONVERSION = YES;
				CLANG_WARN_OBJC_IMPLICIT_RETAIN_SELF = YES;
				CLANG_WARN_OBJC_LITERAL_CONVERSION = YES;
				CLANG_WARN_OBJC_ROOT_CLASS = YES_ERROR;
				CLANG_WARN_RANGE_LOOP_ANALYSIS = YES;
				CLANG_WARN_STRICT_PROTOTYPES = YES;
				CLANG_WARN_SUSPICIOUS_MOVE = YES;
				CLANG_WARN_UNGUARDED_AVAILABILITY = YES_AGGRESSIVE;
				CLANG_WARN_UNREACHABLE_CODE = YES;
				CLANG_WARN__DUPLICATE_METHOD_MATCH = YES;
				CODE_SIGN_IDENTITY = "iPhone Developer";
				COPY_PHASE_STRIP = NO;
				DEBUG_INFORMATION_FORMAT = dwarf;
				ENABLE_STRICT_OBJC_MSGSEND = YES;
				ENABLE_TESTABILITY = YES;
				GCC_C_LANGUAGE_STANDARD = gnu11;
				GCC_DYNAMIC_NO_PIC = NO;
				GCC_NO_COMMON_BLOCKS = YES;
				GCC_OPTIMIZATION_LEVEL = 0;
				GCC_PREPROCESSOR_DEFINITIONS = (
					"DEBUG=1",
					"$(inherited)",
				);
				GCC_WARN_64_TO_32_BIT_CONVERSION = YES;
				GCC_WARN_ABOUT_RETURN_TYPE = YES_ERROR;
				GCC_WARN_UNDECLARED_SELECTOR = YES;
				GCC_WARN_UNINITIALIZED_AUTOS = YES_AGGRESSIVE;
				GCC_WARN_UNUSED_FUNCTION = YES;
				GCC_WARN_UNUSED_VARIABLE = YES;
				IPHONEOS_DEPLOYMENT_TARGET = 12.1;
				MTL_ENABLE_DEBUG_INFO = INCLUDE_SOURCE;
				MTL_FAST_MATH = YES;
				ONLY_ACTIVE_ARCH = YES;
				SDKROOT = iphoneos;
				SWIFT_ACTIVE_COMPILATION_CONDITIONS = DEBUG;
				SWIFT_OPTIMIZATION_LEVEL = "-Onone";
			};
			name = Debug;
		};
		9872C2BD21D935FE007995C0 /* Release */ = {
			isa = XCBuildConfiguration;
			buildSettings = {
				ALWAYS_SEARCH_USER_PATHS = NO;
				CLANG_ANALYZER_NONNULL = YES;
				CLANG_ANALYZER_NUMBER_OBJECT_CONVERSION = YES_AGGRESSIVE;
				CLANG_CXX_LANGUAGE_STANDARD = "gnu++14";
				CLANG_CXX_LIBRARY = "libc++";
				CLANG_ENABLE_MODULES = YES;
				CLANG_ENABLE_OBJC_ARC = YES;
				CLANG_ENABLE_OBJC_WEAK = YES;
				CLANG_WARN_BLOCK_CAPTURE_AUTORELEASING = YES;
				CLANG_WARN_BOOL_CONVERSION = YES;
				CLANG_WARN_COMMA = YES;
				CLANG_WARN_CONSTANT_CONVERSION = YES;
				CLANG_WARN_DEPRECATED_OBJC_IMPLEMENTATIONS = YES;
				CLANG_WARN_DIRECT_OBJC_ISA_USAGE = YES_ERROR;
				CLANG_WARN_DOCUMENTATION_COMMENTS = YES;
				CLANG_WARN_EMPTY_BODY = YES;
				CLANG_WARN_ENUM_CONVERSION = YES;
				CLANG_WARN_INFINITE_RECURSION = YES;
				CLANG_WARN_INT_CONVERSION = YES;
				CLANG_WARN_NON_LITERAL_NULL_CONVERSION = YES;
				CLANG_WARN_OBJC_IMPLICIT_RETAIN_SELF = YES;
				CLANG_WARN_OBJC_LITERAL_CONVERSION = YES;
				CLANG_WARN_OBJC_ROOT_CLASS = YES_ERROR;
				CLANG_WARN_RANGE_LOOP_ANALYSIS = YES;
				CLANG_WARN_STRICT_PROTOTYPES = YES;
				CLANG_WARN_SUSPICIOUS_MOVE = YES;
				CLANG_WARN_UNGUARDED_AVAILABILITY = YES_AGGRESSIVE;
				CLANG_WARN_UNREACHABLE_CODE = YES;
				CLANG_WARN__DUPLICATE_METHOD_MATCH = YES;
				CODE_SIGN_IDENTITY = "iPhone Developer";
				COPY_PHASE_STRIP = NO;
				DEBUG_INFORMATION_FORMAT = "dwarf-with-dsym";
				ENABLE_NS_ASSERTIONS = NO;
				ENABLE_STRICT_OBJC_MSGSEND = YES;
				GCC_C_LANGUAGE_STANDARD = gnu11;
				GCC_NO_COMMON_BLOCKS = YES;
				GCC_WARN_64_TO_32_BIT_CONVERSION = YES;
				GCC_WARN_ABOUT_RETURN_TYPE = YES_ERROR;
				GCC_WARN_UNDECLARED_SELECTOR = YES;
				GCC_WARN_UNINITIALIZED_AUTOS = YES_AGGRESSIVE;
				GCC_WARN_UNUSED_FUNCTION = YES;
				GCC_WARN_UNUSED_VARIABLE = YES;
				IPHONEOS_DEPLOYMENT_TARGET = 12.1;
				MTL_ENABLE_DEBUG_INFO = NO;
				MTL_FAST_MATH = YES;
				SDKROOT = iphoneos;
				SWIFT_COMPILATION_MODE = wholemodule;
				SWIFT_OPTIMIZATION_LEVEL = "-O";
				VALIDATE_PRODUCT = YES;
			};
			name = Release;
		};
		9872C2BF21D935FE007995C0 /* Debug */ = {
			isa = XCBuildConfiguration;
			buildSettings = {
				ASSETCATALOG_COMPILER_APPICON_NAME = AppIcon;
				CODE_SIGN_STYLE = Automatic;
				DEVELOPMENT_TEAM = Z8WP5WHYSB;
				INFOPLIST_FILE = "ARKit-Reflections/Info.plist";
				LD_RUNPATH_SEARCH_PATHS = (
					"$(inherited)",
					"@executable_path/Frameworks",
				);
				PRODUCT_BUNDLE_IDENTIFIER = "AlessandroLoi.ARKit-Reflections";
				PRODUCT_NAME = "$(TARGET_NAME)";
				SWIFT_VERSION = 4.2;
				TARGETED_DEVICE_FAMILY = "1,2";
			};
			name = Debug;
		};
		9872C2C021D935FE007995C0 /* Release */ = {
			isa = XCBuildConfiguration;
			buildSettings = {
				ASSETCATALOG_COMPILER_APPICON_NAME = AppIcon;
				CODE_SIGN_STYLE = Automatic;
				DEVELOPMENT_TEAM = Z8WP5WHYSB;
				INFOPLIST_FILE = "ARKit-Reflections/Info.plist";
				LD_RUNPATH_SEARCH_PATHS = (
					"$(inherited)",
					"@executable_path/Frameworks",
				);
				PRODUCT_BUNDLE_IDENTIFIER = "AlessandroLoi.ARKit-Reflections";
				PRODUCT_NAME = "$(TARGET_NAME)";
				SWIFT_VERSION = 4.2;
				TARGETED_DEVICE_FAMILY = "1,2";
			};
			name = Release;
		};
		9872C2C221D935FE007995C0 /* Debug */ = {
			isa = XCBuildConfiguration;
			buildSettings = {
				ALWAYS_EMBED_SWIFT_STANDARD_LIBRARIES = YES;
				BUNDLE_LOADER = "$(TEST_HOST)";
				CODE_SIGN_STYLE = Automatic;
				DEVELOPMENT_TEAM = Z8WP5WHYSB;
				INFOPLIST_FILE = "ARKit-ReflectionsTests/Info.plist";
				LD_RUNPATH_SEARCH_PATHS = (
					"$(inherited)",
					"@executable_path/Frameworks",
					"@loader_path/Frameworks",
				);
				PRODUCT_BUNDLE_IDENTIFIER = "AlessandroLoi.ARKit-ReflectionsTests";
				PRODUCT_NAME = "$(TARGET_NAME)";
				SWIFT_VERSION = 4.2;
				TARGETED_DEVICE_FAMILY = "1,2";
				TEST_HOST = "$(BUILT_PRODUCTS_DIR)/ARKit-Reflections.app/ARKit-Reflections";
			};
			name = Debug;
		};
		9872C2C321D935FE007995C0 /* Release */ = {
			isa = XCBuildConfiguration;
			buildSettings = {
				ALWAYS_EMBED_SWIFT_STANDARD_LIBRARIES = YES;
				BUNDLE_LOADER = "$(TEST_HOST)";
				CODE_SIGN_STYLE = Automatic;
				DEVELOPMENT_TEAM = Z8WP5WHYSB;
				INFOPLIST_FILE = "ARKit-ReflectionsTests/Info.plist";
				LD_RUNPATH_SEARCH_PATHS = (
					"$(inherited)",
					"@executable_path/Frameworks",
					"@loader_path/Frameworks",
				);
				PRODUCT_BUNDLE_IDENTIFIER = "AlessandroLoi.ARKit-ReflectionsTests";
				PRODUCT_NAME = "$(TARGET_NAME)";
				SWIFT_VERSION = 4.2;
				TARGETED_DEVICE_FAMILY = "1,2";
				TEST_HOST = "$(BUILT_PRODUCTS_DIR)/ARKit-Reflections.app/ARKit-Reflections";
			};
			name = Release;
		};
		9872C2C521D935FE007995C0 /* Debug */ = {
			isa = XCBuildConfiguration;
			buildSettings = {
				ALWAYS_EMBED_SWIFT_STANDARD_LIBRARIES = YES;
				CODE_SIGN_STYLE = Automatic;
				DEVELOPMENT_TEAM = Z8WP5WHYSB;
				INFOPLIST_FILE = "ARKit-ReflectionsUITests/Info.plist";
				LD_RUNPATH_SEARCH_PATHS = (
					"$(inherited)",
					"@executable_path/Frameworks",
					"@loader_path/Frameworks",
				);
				PRODUCT_BUNDLE_IDENTIFIER = "AlessandroLoi.ARKit-ReflectionsUITests";
				PRODUCT_NAME = "$(TARGET_NAME)";
				SWIFT_VERSION = 4.2;
				TARGETED_DEVICE_FAMILY = "1,2";
				TEST_TARGET_NAME = "ARKit-Reflections";
			};
			name = Debug;
		};
		9872C2C621D935FE007995C0 /* Release */ = {
			isa = XCBuildConfiguration;
			buildSettings = {
				ALWAYS_EMBED_SWIFT_STANDARD_LIBRARIES = YES;
				CODE_SIGN_STYLE = Automatic;
				DEVELOPMENT_TEAM = Z8WP5WHYSB;
				INFOPLIST_FILE = "ARKit-ReflectionsUITests/Info.plist";
				LD_RUNPATH_SEARCH_PATHS = (
					"$(inherited)",
					"@executable_path/Frameworks",
					"@loader_path/Frameworks",
				);
				PRODUCT_BUNDLE_IDENTIFIER = "AlessandroLoi.ARKit-ReflectionsUITests";
				PRODUCT_NAME = "$(TARGET_NAME)";
				SWIFT_VERSION = 4.2;
				TARGETED_DEVICE_FAMILY = "1,2";
				TEST_TARGET_NAME = "ARKit-Reflections";
			};
			name = Release;
		};
/* End XCBuildConfiguration section */

/* Begin XCConfigurationList section */
		9872C28F21D935FD007995C0 /* Build configuration list for PBXProject "ARKit-Reflections" */ = {
			isa = XCConfigurationList;
			buildConfigurations = (
				9872C2BC21D935FE007995C0 /* Debug */,
				9872C2BD21D935FE007995C0 /* Release */,
			);
			defaultConfigurationIsVisible = 0;
			defaultConfigurationName = Release;
		};
		9872C2BE21D935FE007995C0 /* Build configuration list for PBXNativeTarget "ARKit-Reflections" */ = {
			isa = XCConfigurationList;
			buildConfigurations = (
				9872C2BF21D935FE007995C0 /* Debug */,
				9872C2C021D935FE007995C0 /* Release */,
			);
			defaultConfigurationIsVisible = 0;
			defaultConfigurationName = Release;
		};
		9872C2C121D935FE007995C0 /* Build configuration list for PBXNativeTarget "ARKit-ReflectionsTests" */ = {
			isa = XCConfigurationList;
			buildConfigurations = (
				9872C2C221D935FE007995C0 /* Debug */,
				9872C2C321D935FE007995C0 /* Release */,
			);
			defaultConfigurationIsVisible = 0;
			defaultConfigurationName = Release;
		};
		9872C2C421D935FE007995C0 /* Build configuration list for PBXNativeTarget "ARKit-ReflectionsUITests" */ = {
			isa = XCConfigurationList;
			buildConfigurations = (
				9872C2C521D935FE007995C0 /* Debug */,
				9872C2C621D935FE007995C0 /* Release */,
			);
			defaultConfigurationIsVisible = 0;
			defaultConfigurationName = Release;
		};
/* End XCConfigurationList section */
	};
	rootObject = 9872C28C21D935FD007995C0 /* Project object */;
}
